
Microsoft Visual Studio Solution File, Format Version 12.00
# Visual Studio Version 17
VisualStudioVersion = 17.3.32929.385
MinimumVisualStudioVersion = 10.0.40219.1
Project("{FAE04EC0-301F-11D3-BF4B-00C04F79EFBC}") = "Bujalski_Zadanie9", "Bujalski_Zadanie9\Bujalski_Zadanie9.csproj", "{6553F199-2E89-4147-8D8B-17310B212FD0}"
EndProject
Global
	GlobalSection(SolutionConfigurationPlatforms) = preSolution
		Debug|Any CPU = Debug|Any CPU
		Release|Any CPU = Release|Any CPU
	EndGlobalSection
	GlobalSection(ProjectConfigurationPlatforms) = postSolution
		{6553F199-2E89-4147-8D8B-17310B212FD0}.Debug|Any CPU.ActiveCfg = Debug|Any CPU
		{6553F199-2E89-4147-8D8B-17310B212FD0}.Debug|Any CPU.Build.0 = Debug|Any CPU
		{6553F199-2E89-4147-8D8B-17310B212FD0}.Release|Any CPU.ActiveCfg = Release|Any CPU
		{6553F199-2E89-4147-8D8B-17310B212FD0}.Release|Any CPU.Build.0 = Release|Any CPU
	EndGlobalSection
	GlobalSection(SolutionProperties) = preSolution
		HideSolutionNode = FALSE
	EndGlobalSection
	GlobalSection(ExtensibilityGlobals) = postSolution
		SolutionGuid = {535DD1AB-0CB2-4B16-AD8A-47789F8C2654}
	EndGlobalSection
EndGlobal
